
Microsoft Visual Studio Solution File, Format Version 12.00
# Visual Studio Version 17
VisualStudioVersion = 17.7.34221.43
MinimumVisualStudioVersion = 10.0.40219.1
Project("{FAE04EC0-301F-11D3-BF4B-00C04F79EFBC}") = "beolvasás", "beolvasás\beolvasás.csproj", "{1C89E61B-99FF-4E79-85F4-71626EF3A6A8}"
EndProject
Global
	GlobalSection(SolutionConfigurationPlatforms) = preSolution
		Debug|Any CPU = Debug|Any CPU
		Release|Any CPU = Release|Any CPU
	EndGlobalSection
	GlobalSection(ProjectConfigurationPlatforms) = postSolution
		{1C89E61B-99FF-4E79-85F4-71626EF3A6A8}.Debug|Any CPU.ActiveCfg = Debug|Any CPU
		{1C89E61B-99FF-4E79-85F4-71626EF3A6A8}.Debug|Any CPU.Build.0 = Debug|Any CPU
		{1C89E61B-99FF-4E79-85F4-71626EF3A6A8}.Release|Any CPU.ActiveCfg = Release|Any CPU
		{1C89E61B-99FF-4E79-85F4-71626EF3A6A8}.Release|Any CPU.Build.0 = Release|Any CPU
	EndGlobalSection
	GlobalSection(SolutionProperties) = preSolution
		HideSolutionNode = FALSE
	EndGlobalSection
	GlobalSection(ExtensibilityGlobals) = postSolution
		SolutionGuid = {43A7C30E-52F9-4763-BD31-61BE94025CD8}
	EndGlobalSection
EndGlobal
