
Microsoft Visual Studio Solution File, Format Version 11.00
# Visual C# Express 2010
Project("{FAE04EC0-301F-11D3-BF4B-00C04F79EFBC}") = "Karesz", "Karesz.csproj", "{9A9714B7-E6E4-4F0D-A219-22DA2E1F1684}"
EndProject
Global
	GlobalSection(SolutionConfigurationPlatforms) = preSolution
		Debug|x86 = Debug|x86
		Release|x86 = Release|x86
	EndGlobalSection
	GlobalSection(ProjectConfigurationPlatforms) = postSolution
		{9A9714B7-E6E4-4F0D-A219-22DA2E1F1684}.Debug|x86.ActiveCfg = Debug|x86
		{9A9714B7-E6E4-4F0D-A219-22DA2E1F1684}.Debug|x86.Build.0 = Debug|x86
		{9A9714B7-E6E4-4F0D-A219-22DA2E1F1684}.Release|x86.ActiveCfg = Release|x86
		{9A9714B7-E6E4-4F0D-A219-22DA2E1F1684}.Release|x86.Build.0 = Release|x86
	EndGlobalSection
	GlobalSection(SolutionProperties) = preSolution
		HideSolutionNode = FALSE
	EndGlobalSection
EndGlobal
